
Microsoft Visual Studio Solution File, Format Version 12.00
# Visual Studio Version 16
VisualStudioVersion = 16.0.30330.147
MinimumVisualStudioVersion = 10.0.40219.1
Project("{FAE04EC0-301F-11D3-BF4B-00C04F79EFBC}") = "ChessLibrary", "ChessLibrary.csproj", "{542EB781-8E33-4B2E-91F3-0AF655B07462}"
EndProject
Project("{FAE04EC0-301F-11D3-BF4B-00C04F79EFBC}") = "ChessDemoConsole", "..\ChessDemoConsole\ChessDemoConsole.csproj", "{06311F60-2898-4479-B1EA-D8AA3960A6EF}"
EndProject
Global
	GlobalSection(SolutionConfigurationPlatforms) = preSolution
		Debug|Any CPU = Debug|Any CPU
		Release|Any CPU = Release|Any CPU
	EndGlobalSection
	GlobalSection(ProjectConfigurationPlatforms) = postSolution
		{542EB781-8E33-4B2E-91F3-0AF655B07462}.Debug|Any CPU.ActiveCfg = Debug|Any CPU
		{542EB781-8E33-4B2E-91F3-0AF655B07462}.Debug|Any CPU.Build.0 = Debug|Any CPU
		{542EB781-8E33-4B2E-91F3-0AF655B07462}.Release|Any CPU.ActiveCfg = Release|Any CPU
		{542EB781-8E33-4B2E-91F3-0AF655B07462}.Release|Any CPU.Build.0 = Release|Any CPU
		{06311F60-2898-4479-B1EA-D8AA3960A6EF}.Debug|Any CPU.ActiveCfg = Debug|Any CPU
		{06311F60-2898-4479-B1EA-D8AA3960A6EF}.Debug|Any CPU.Build.0 = Debug|Any CPU
		{06311F60-2898-4479-B1EA-D8AA3960A6EF}.Release|Any CPU.ActiveCfg = Release|Any CPU
		{06311F60-2898-4479-B1EA-D8AA3960A6EF}.Release|Any CPU.Build.0 = Release|Any CPU
	EndGlobalSection
	GlobalSection(SolutionProperties) = preSolution
		HideSolutionNode = FALSE
	EndGlobalSection
	GlobalSection(ExtensibilityGlobals) = postSolution
		SolutionGuid = {C0CBA2CF-00A2-4D54-A1D5-FAD56AB9349D}
	EndGlobalSection
EndGlobal
